
Microsoft Visual Studio Solution File, Format Version 12.00
# Visual Studio Version 17
VisualStudioVersion = 17.4.32804.182
MinimumVisualStudioVersion = 10.0.40219.1
Project("{FAE04EC0-301F-11D3-BF4B-00C04F79EFBC}") = "Day001", "Day001\Day001.csproj", "{34821A94-65FF-4860-8FF0-3AD4E7FE7265}"
EndProject
Project("{FAE04EC0-301F-11D3-BF4B-00C04F79EFBC}") = "Day002", "Day002\Day002.csproj", "{51E48C83-571E-4443-8FD1-CDB6A5161F6E}"
EndProject
Project("{FAE04EC0-301F-11D3-BF4B-00C04F79EFBC}") = "Day003", "Day003\Day003.csproj", "{8A54393D-4316-4475-ADB9-C3E02DC9FEA0}"
EndProject
Project("{FAE04EC0-301F-11D3-BF4B-00C04F79EFBC}") = "Day004", "Day004\Day004.csproj", "{3E2DA090-8D9C-4D03-A171-954C9F5BF464}"
EndProject
Project("{FAE04EC0-301F-11D3-BF4B-00C04F79EFBC}") = "Day005", "Day005\Day005.csproj", "{716820FE-954B-43B3-B825-A91FFFBE5977}"
EndProject
Global
	GlobalSection(SolutionConfigurationPlatforms) = preSolution
		Debug|Any CPU = Debug|Any CPU
		Release|Any CPU = Release|Any CPU
	EndGlobalSection
	GlobalSection(ProjectConfigurationPlatforms) = postSolution
		{34821A94-65FF-4860-8FF0-3AD4E7FE7265}.Debug|Any CPU.ActiveCfg = Debug|Any CPU
		{34821A94-65FF-4860-8FF0-3AD4E7FE7265}.Debug|Any CPU.Build.0 = Debug|Any CPU
		{34821A94-65FF-4860-8FF0-3AD4E7FE7265}.Release|Any CPU.ActiveCfg = Release|Any CPU
		{34821A94-65FF-4860-8FF0-3AD4E7FE7265}.Release|Any CPU.Build.0 = Release|Any CPU
		{3D32DCF4-A870-4FAE-B5BF-ABFD76B1CE84}.Debug|Any CPU.ActiveCfg = Debug|Any CPU
		{3D32DCF4-A870-4FAE-B5BF-ABFD76B1CE84}.Debug|Any CPU.Build.0 = Debug|Any CPU
		{3D32DCF4-A870-4FAE-B5BF-ABFD76B1CE84}.Release|Any CPU.ActiveCfg = Release|Any CPU
		{3D32DCF4-A870-4FAE-B5BF-ABFD76B1CE84}.Release|Any CPU.Build.0 = Release|Any CPU
		{51E48C83-571E-4443-8FD1-CDB6A5161F6E}.Debug|Any CPU.ActiveCfg = Debug|Any CPU
		{51E48C83-571E-4443-8FD1-CDB6A5161F6E}.Debug|Any CPU.Build.0 = Debug|Any CPU
		{51E48C83-571E-4443-8FD1-CDB6A5161F6E}.Release|Any CPU.ActiveCfg = Release|Any CPU
		{51E48C83-571E-4443-8FD1-CDB6A5161F6E}.Release|Any CPU.Build.0 = Release|Any CPU
		{8A54393D-4316-4475-ADB9-C3E02DC9FEA0}.Debug|Any CPU.ActiveCfg = Debug|Any CPU
		{8A54393D-4316-4475-ADB9-C3E02DC9FEA0}.Debug|Any CPU.Build.0 = Debug|Any CPU
		{8A54393D-4316-4475-ADB9-C3E02DC9FEA0}.Release|Any CPU.ActiveCfg = Release|Any CPU
		{8A54393D-4316-4475-ADB9-C3E02DC9FEA0}.Release|Any CPU.Build.0 = Release|Any CPU
		{3E2DA090-8D9C-4D03-A171-954C9F5BF464}.Debug|Any CPU.ActiveCfg = Debug|Any CPU
		{3E2DA090-8D9C-4D03-A171-954C9F5BF464}.Debug|Any CPU.Build.0 = Debug|Any CPU
		{3E2DA090-8D9C-4D03-A171-954C9F5BF464}.Release|Any CPU.ActiveCfg = Release|Any CPU
		{3E2DA090-8D9C-4D03-A171-954C9F5BF464}.Release|Any CPU.Build.0 = Release|Any CPU
		{716820FE-954B-43B3-B825-A91FFFBE5977}.Debug|Any CPU.ActiveCfg = Debug|Any CPU
		{716820FE-954B-43B3-B825-A91FFFBE5977}.Debug|Any CPU.Build.0 = Debug|Any CPU
		{716820FE-954B-43B3-B825-A91FFFBE5977}.Release|Any CPU.ActiveCfg = Release|Any CPU
		{716820FE-954B-43B3-B825-A91FFFBE5977}.Release|Any CPU.Build.0 = Release|Any CPU
	EndGlobalSection
	GlobalSection(SolutionProperties) = preSolution
		HideSolutionNode = FALSE
	EndGlobalSection
	GlobalSection(ExtensibilityGlobals) = postSolution
		SolutionGuid = {5A4FFECD-11A7-4CA3-8FD2-02CF01F3574B}
	EndGlobalSection
EndGlobal
